
Microsoft Visual Studio Solution File, Format Version 12.00
# Visual Studio Version 17
VisualStudioVersion = 17.0.31717.71
MinimumVisualStudioVersion = 10.0.40219.1
Project("{9A19103F-16F7-4668-BE54-9A1E7A4F7556}") = "WeatherForecastApp", "WeatherForecastApp\WeatherForecastApp.csproj", "{B4FB08E0-FEA0-4A16-AFB0-FD9D074B12E3}"
EndProject
Global
	GlobalSection(SolutionConfigurationPlatforms) = preSolution
		Debug|Any CPU = Debug|Any CPU
		Release|Any CPU = Release|Any CPU
	EndGlobalSection
	GlobalSection(ProjectConfigurationPlatforms) = postSolution
		{B4FB08E0-FEA0-4A16-AFB0-FD9D074B12E3}.Debug|Any CPU.ActiveCfg = Debug|Any CPU
		{B4FB08E0-FEA0-4A16-AFB0-FD9D074B12E3}.Debug|Any CPU.Build.0 = Debug|Any CPU
		{B4FB08E0-FEA0-4A16-AFB0-FD9D074B12E3}.Release|Any CPU.ActiveCfg = Release|Any CPU
		{B4FB08E0-FEA0-4A16-AFB0-FD9D074B12E3}.Release|Any CPU.Build.0 = Release|Any CPU
	EndGlobalSection
	GlobalSection(SolutionProperties) = preSolution
		HideSolutionNode = FALSE
	EndGlobalSection
	GlobalSection(ExtensibilityGlobals) = postSolution
		SolutionGuid = {B9DB6F06-C726-4C36-AFDF-B966E0DF9181}
	EndGlobalSection
EndGlobal
